
Microsoft Visual Studio Solution File, Format Version 12.00
# Visual Studio Version 17
VisualStudioVersion = 17.11.35312.102
MinimumVisualStudioVersion = 10.0.40219.1
Project("{FAE04EC0-301F-11D3-BF4B-00C04F79EFBC}") = "test", "test\test.csproj", "{63082C60-4F8F-4BBD-A86D-96974C849FF2}"
EndProject
Global
	GlobalSection(SolutionConfigurationPlatforms) = preSolution
		Debug|Any CPU = Debug|Any CPU
		Release|Any CPU = Release|Any CPU
	EndGlobalSection
	GlobalSection(ProjectConfigurationPlatforms) = postSolution
		{63082C60-4F8F-4BBD-A86D-96974C849FF2}.Debug|Any CPU.ActiveCfg = Debug|Any CPU
		{63082C60-4F8F-4BBD-A86D-96974C849FF2}.Debug|Any CPU.Build.0 = Debug|Any CPU
		{63082C60-4F8F-4BBD-A86D-96974C849FF2}.Release|Any CPU.ActiveCfg = Release|Any CPU
		{63082C60-4F8F-4BBD-A86D-96974C849FF2}.Release|Any CPU.Build.0 = Release|Any CPU
	EndGlobalSection
	GlobalSection(SolutionProperties) = preSolution
		HideSolutionNode = FALSE
	EndGlobalSection
	GlobalSection(ExtensibilityGlobals) = postSolution
		SolutionGuid = {FA0B92AA-40BE-425A-B26F-8607C77BF2AE}
	EndGlobalSection
EndGlobal
