
Microsoft Visual Studio Solution File, Format Version 12.00
# Visual Studio Version 17
VisualStudioVersion = 17.11.35303.130
MinimumVisualStudioVersion = 10.0.40219.1
Project("{FAE04EC0-301F-11D3-BF4B-00C04F79EFBC}") = "LeDuyHai_Buoi2_THLTWIN", "LeDuyHai_Buoi2_THLTWIN\LeDuyHai_Buoi2_THLTWIN.csproj", "{0E9C62D8-2ED9-423F-BA68-5C2EEFED006F}"
EndProject
Project("{FAE04EC0-301F-11D3-BF4B-00C04F79EFBC}") = "QLSV", "QLSV\QLSV.csproj", "{D4E5F6E2-4D00-4D94-9BAD-314516DA0EFB}"
EndProject
Project("{FAE04EC0-301F-11D3-BF4B-00C04F79EFBC}") = "QLTTTK", "QLSV_2\QLTTTK.csproj", "{B2A7C6A0-FB35-464F-8188-A37293137E0A}"
EndProject
Project("{FAE04EC0-301F-11D3-BF4B-00C04F79EFBC}") = "BanVeRapChieuPhim", "BanVeRapChieuPhim\BanVeRapChieuPhim.csproj", "{879669FC-65D1-4904-8746-B1D93C170DF2}"
EndProject
Global
	GlobalSection(SolutionConfigurationPlatforms) = preSolution
		Debug|Any CPU = Debug|Any CPU
		Release|Any CPU = Release|Any CPU
	EndGlobalSection
	GlobalSection(ProjectConfigurationPlatforms) = postSolution
		{0E9C62D8-2ED9-423F-BA68-5C2EEFED006F}.Debug|Any CPU.ActiveCfg = Debug|Any CPU
		{0E9C62D8-2ED9-423F-BA68-5C2EEFED006F}.Debug|Any CPU.Build.0 = Debug|Any CPU
		{0E9C62D8-2ED9-423F-BA68-5C2EEFED006F}.Release|Any CPU.ActiveCfg = Release|Any CPU
		{0E9C62D8-2ED9-423F-BA68-5C2EEFED006F}.Release|Any CPU.Build.0 = Release|Any CPU
		{D4E5F6E2-4D00-4D94-9BAD-314516DA0EFB}.Debug|Any CPU.ActiveCfg = Debug|Any CPU
		{D4E5F6E2-4D00-4D94-9BAD-314516DA0EFB}.Debug|Any CPU.Build.0 = Debug|Any CPU
		{D4E5F6E2-4D00-4D94-9BAD-314516DA0EFB}.Release|Any CPU.ActiveCfg = Release|Any CPU
		{D4E5F6E2-4D00-4D94-9BAD-314516DA0EFB}.Release|Any CPU.Build.0 = Release|Any CPU
		{B2A7C6A0-FB35-464F-8188-A37293137E0A}.Debug|Any CPU.ActiveCfg = Debug|Any CPU
		{B2A7C6A0-FB35-464F-8188-A37293137E0A}.Debug|Any CPU.Build.0 = Debug|Any CPU
		{B2A7C6A0-FB35-464F-8188-A37293137E0A}.Release|Any CPU.ActiveCfg = Release|Any CPU
		{B2A7C6A0-FB35-464F-8188-A37293137E0A}.Release|Any CPU.Build.0 = Release|Any CPU
		{879669FC-65D1-4904-8746-B1D93C170DF2}.Debug|Any CPU.ActiveCfg = Debug|Any CPU
		{879669FC-65D1-4904-8746-B1D93C170DF2}.Debug|Any CPU.Build.0 = Debug|Any CPU
		{879669FC-65D1-4904-8746-B1D93C170DF2}.Release|Any CPU.ActiveCfg = Release|Any CPU
		{879669FC-65D1-4904-8746-B1D93C170DF2}.Release|Any CPU.Build.0 = Release|Any CPU
	EndGlobalSection
	GlobalSection(SolutionProperties) = preSolution
		HideSolutionNode = FALSE
	EndGlobalSection
	GlobalSection(ExtensibilityGlobals) = postSolution
		SolutionGuid = {5B1AC4CA-47F8-4F07-A078-9682BF142938}
	EndGlobalSection
EndGlobal
