
Microsoft Visual Studio Solution File, Format Version 12.00
# Visual Studio Version 17
VisualStudioVersion = 17.6.33829.357
MinimumVisualStudioVersion = 10.0.40219.1
Project("{FAE04EC0-301F-11D3-BF4B-00C04F79EFBC}") = "PHIEUAN", "PHIEU_AN\PHIEUAN.csproj", "{B054999F-953D-4622-8DBE-B59BCD9EDB3B}"
EndProject
Project("{FAE04EC0-301F-11D3-BF4B-00C04F79EFBC}") = "PhieuAnCantin", "PhieuAnCantin\PhieuAnCantin.csproj", "{8708603C-72FF-43C9-995E-0E645416DED6}"
EndProject
Global
	GlobalSection(SolutionConfigurationPlatforms) = preSolution
		Debug|Any CPU = Debug|Any CPU
		Release|Any CPU = Release|Any CPU
	EndGlobalSection
	GlobalSection(ProjectConfigurationPlatforms) = postSolution
		{B054999F-953D-4622-8DBE-B59BCD9EDB3B}.Debug|Any CPU.ActiveCfg = Debug|Any CPU
		{B054999F-953D-4622-8DBE-B59BCD9EDB3B}.Debug|Any CPU.Build.0 = Debug|Any CPU
		{B054999F-953D-4622-8DBE-B59BCD9EDB3B}.Release|Any CPU.ActiveCfg = Release|Any CPU
		{B054999F-953D-4622-8DBE-B59BCD9EDB3B}.Release|Any CPU.Build.0 = Release|Any CPU
		{8708603C-72FF-43C9-995E-0E645416DED6}.Debug|Any CPU.ActiveCfg = Debug|Any CPU
		{8708603C-72FF-43C9-995E-0E645416DED6}.Debug|Any CPU.Build.0 = Debug|Any CPU
		{8708603C-72FF-43C9-995E-0E645416DED6}.Release|Any CPU.ActiveCfg = Release|Any CPU
		{8708603C-72FF-43C9-995E-0E645416DED6}.Release|Any CPU.Build.0 = Release|Any CPU
	EndGlobalSection
	GlobalSection(SolutionProperties) = preSolution
		HideSolutionNode = FALSE
	EndGlobalSection
	GlobalSection(ExtensibilityGlobals) = postSolution
		SolutionGuid = {CE6BCC6E-8A2A-471D-927E-68279A45DA5C}
	EndGlobalSection
EndGlobal
